
Microsoft Visual Studio Solution File, Format Version 12.00
# Visual Studio Version 17
VisualStudioVersion = 17.7.34003.232
MinimumVisualStudioVersion = 10.0.40219.1
Project("{FAE04EC0-301F-11D3-BF4B-00C04F79EFBC}") = "WebApiWithCompressionResponse", "WebApiWithCompressionResponse\WebApiWithCompressionResponse.csproj", "{59290CF5-E724-459E-AD3E-849FE3EFA599}"
EndProject
Global
	GlobalSection(SolutionConfigurationPlatforms) = preSolution
		Debug|Any CPU = Debug|Any CPU
		Release|Any CPU = Release|Any CPU
	EndGlobalSection
	GlobalSection(ProjectConfigurationPlatforms) = postSolution
		{59290CF5-E724-459E-AD3E-849FE3EFA599}.Debug|Any CPU.ActiveCfg = Debug|Any CPU
		{59290CF5-E724-459E-AD3E-849FE3EFA599}.Debug|Any CPU.Build.0 = Debug|Any CPU
		{59290CF5-E724-459E-AD3E-849FE3EFA599}.Release|Any CPU.ActiveCfg = Release|Any CPU
		{59290CF5-E724-459E-AD3E-849FE3EFA599}.Release|Any CPU.Build.0 = Release|Any CPU
	EndGlobalSection
	GlobalSection(SolutionProperties) = preSolution
		HideSolutionNode = FALSE
	EndGlobalSection
	GlobalSection(ExtensibilityGlobals) = postSolution
		SolutionGuid = {DCBD21B7-9205-4671-B7FD-3839264AD5F9}
	EndGlobalSection
EndGlobal
